{
  "version": 4,
  "terraform_version": "1.3.2",
  "serial": 89,
  "lineage": "a1b7a409-d49b-7010-196d-1e029dcf9ca3",
  "outputs": {},
  "resources": [
    {
      "mode": "data",
      "type": "digitalocean_ssh_key",
      "name": "ssh_key",
      "provider": "provider[\"registry.terraform.io/digitalocean/digitalocean\"]",
      "instances": [
        {
          "schema_version": 0,
          "attributes": {
            "fingerprint": "d6:8c:c0:38:cd:8f:f0:01:58:5a:f7:00:c4:3a:b4:57",
            "id": 36587551,
            "name": "terraform",
            "public_key": "ssh-rsa AAAAB3NzaC1yc2EAAAADAQABAAABAQDEK9D9OszB3AfYMuXmquSgYpxTw6ZGGC2dq7LaVmPBLeHJq3sDQX8+3S44fOvw5BYNo7GkqVLEKtL7UiOD8wDKpqFxUFhsBNSK7syIcXHPI+liFnoNjXeQnAW/M7Nrt7OBUJ3Q3XUME5oPGbnJPsFHC6jWLGpSK9cUkJkN6RhrOGEMBXPrmy3XP1jdtUYGuUC+6qMDQK6bT4G6MZehvR6vQftbBW8SueVZkqXiUoom3xWbg+ugDgJq9Q3yJzbn96eQ7nnoNtLbuylvEAE/E6YnTLncgR7ozVTa6BWhLdOo6GTPXJ0/uEwFpZAw8KPD/z0BzdXoplfA/PMcwHYW9QQd abcs89@AeD"
          },
          "sensitive_attributes": []
        }
      ]
    },
    {
      "mode": "managed",
      "type": "digitalocean_droplet",
      "name": "jenkins",
      "provider": "provider[\"registry.terraform.io/digitalocean/digitalocean\"]",
      "instances": [
        {
          "schema_version": 1,
          "attributes": {
            "backups": false,
            "created_at": "2022-10-25T19:27:21Z",
            "disk": 60,
            "droplet_agent": null,
            "graceful_shutdown": false,
            "id": "322873898",
            "image": "ubuntu-22-04-x64",
            "ipv4_address": "68.183.106.40",
            "ipv4_address_private": "10.116.0.3",
            "ipv6": false,
            "ipv6_address": "",
            "locked": false,
            "memory": 2048,
            "monitoring": false,
            "name": "Jenkins",
            "price_hourly": 0.02679,
            "price_monthly": 18,
            "private_networking": true,
            "region": "nyc1",
            "resize_disk": true,
            "size": "s-2vcpu-2gb",
            "ssh_keys": [
              "36587551"
            ],
            "status": "active",
            "tags": null,
            "timeouts": null,
            "urn": "do:droplet:322873898",
            "user_data": null,
            "vcpus": 2,
            "volume_ids": [],
            "vpc_uuid": "2d401a5a-8828-4b24-b3e6-0875f2dae87e"
          },
          "sensitive_attributes": [],
          "private": "eyJlMmJmYjczMC1lY2FhLTExZTYtOGY4OC0zNDM2M2JjN2M0YzAiOnsiY3JlYXRlIjozNjAwMDAwMDAwMDAwLCJkZWxldGUiOjYwMDAwMDAwMDAwLCJ1cGRhdGUiOjM2MDAwMDAwMDAwMDB9LCJzY2hlbWFfdmVyc2lvbiI6IjEifQ==",
          "dependencies": [
            "data.digitalocean_ssh_key.ssh_key"
          ]
        }
      ]
    },
    {
      "mode": "managed",
      "type": "local_file",
      "name": "k8s",
      "provider": "provider[\"registry.terraform.io/hashicorp/local\"]",
      "instances": []
    }
  ],
  "check_results": []
}
